
Microsoft Visual Studio Solution File, Format Version 12.00
# Visual Studio Version 16
VisualStudioVersion = 16.0.30204.135
MinimumVisualStudioVersion = 10.0.40219.1
Project("{FAE04EC0-301F-11D3-BF4B-00C04F79EFBC}") = "ShoppingBasket", "ShoppingBasket\ShoppingBasket.csproj", "{44EC97CE-AD17-4FFD-A3B5-9FB8C323BD7E}"
EndProject
Project("{FAE04EC0-301F-11D3-BF4B-00C04F79EFBC}") = "ShoppingBasketTests", "ShoppingBasketTests\ShoppingBasketTests.csproj", "{B2126068-60C5-4507-9312-C908E2649CC7}"
EndProject
Global
	GlobalSection(SolutionConfigurationPlatforms) = preSolution
		Debug|Any CPU = Debug|Any CPU
		Release|Any CPU = Release|Any CPU
	EndGlobalSection
	GlobalSection(ProjectConfigurationPlatforms) = postSolution
		{44EC97CE-AD17-4FFD-A3B5-9FB8C323BD7E}.Debug|Any CPU.ActiveCfg = Debug|Any CPU
		{44EC97CE-AD17-4FFD-A3B5-9FB8C323BD7E}.Debug|Any CPU.Build.0 = Debug|Any CPU
		{44EC97CE-AD17-4FFD-A3B5-9FB8C323BD7E}.Release|Any CPU.ActiveCfg = Release|Any CPU
		{44EC97CE-AD17-4FFD-A3B5-9FB8C323BD7E}.Release|Any CPU.Build.0 = Release|Any CPU
		{B2126068-60C5-4507-9312-C908E2649CC7}.Debug|Any CPU.ActiveCfg = Debug|Any CPU
		{B2126068-60C5-4507-9312-C908E2649CC7}.Debug|Any CPU.Build.0 = Debug|Any CPU
		{B2126068-60C5-4507-9312-C908E2649CC7}.Release|Any CPU.ActiveCfg = Release|Any CPU
		{B2126068-60C5-4507-9312-C908E2649CC7}.Release|Any CPU.Build.0 = Release|Any CPU
	EndGlobalSection
	GlobalSection(SolutionProperties) = preSolution
		HideSolutionNode = FALSE
	EndGlobalSection
	GlobalSection(ExtensibilityGlobals) = postSolution
		SolutionGuid = {F1F3FA9C-F1F2-4F25-B29D-C728A6BE4E64}
	EndGlobalSection
EndGlobal
